
Microsoft Visual Studio Solution File, Format Version 12.00
# Visual Studio Version 16
VisualStudioVersion = 16.0.31005.135
MinimumVisualStudioVersion = 10.0.40219.1
Project("{8BC9CEB8-8B4A-11D0-8D11-00A0C91BC942}") = "S003", "S003\S003.vcxproj", "{D66A7CF8-7676-46DF-B379-607597C2C046}"
EndProject
Global
	GlobalSection(SolutionConfigurationPlatforms) = preSolution
		Debug|x64 = Debug|x64
		Debug|x86 = Debug|x86
		Release|x64 = Release|x64
		Release|x86 = Release|x86
	EndGlobalSection
	GlobalSection(ProjectConfigurationPlatforms) = postSolution
		{D66A7CF8-7676-46DF-B379-607597C2C046}.Debug|x64.ActiveCfg = Debug|x64
		{D66A7CF8-7676-46DF-B379-607597C2C046}.Debug|x64.Build.0 = Debug|x64
		{D66A7CF8-7676-46DF-B379-607597C2C046}.Debug|x86.ActiveCfg = Debug|Win32
		{D66A7CF8-7676-46DF-B379-607597C2C046}.Debug|x86.Build.0 = Debug|Win32
		{D66A7CF8-7676-46DF-B379-607597C2C046}.Release|x64.ActiveCfg = Release|x64
		{D66A7CF8-7676-46DF-B379-607597C2C046}.Release|x64.Build.0 = Release|x64
		{D66A7CF8-7676-46DF-B379-607597C2C046}.Release|x86.ActiveCfg = Release|Win32
		{D66A7CF8-7676-46DF-B379-607597C2C046}.Release|x86.Build.0 = Release|Win32
	EndGlobalSection
	GlobalSection(SolutionProperties) = preSolution
		HideSolutionNode = FALSE
	EndGlobalSection
	GlobalSection(ExtensibilityGlobals) = postSolution
		SolutionGuid = {2E3420A9-EDA4-4337-86B7-5A57648F64F4}
	EndGlobalSection
EndGlobal
